
Microsoft Visual Studio Solution File, Format Version 12.00
# Visual Studio Version 17
VisualStudioVersion = 17.4.33122.133
MinimumVisualStudioVersion = 10.0.40219.1
Project("{9A19103F-16F7-4668-BE54-9A1E7A4F7556}") = "Buoi2new", "Buoi2new\Buoi2new.csproj", "{5A424132-7B25-4660-86E9-5AD1B000C71E}"
EndProject
Project("{9A19103F-16F7-4668-BE54-9A1E7A4F7556}") = "SwithCase", "SwithCase\SwithCase.csproj", "{47659213-EEA5-4C7D-98F3-E613EBEBBD2A}"
EndProject
Project("{9A19103F-16F7-4668-BE54-9A1E7A4F7556}") = "foreachWhile", "foreachWhile\foreachWhile.csproj", "{001E776C-FB1C-49EF-AE59-D452E53FA9CD}"
EndProject
Project("{9A19103F-16F7-4668-BE54-9A1E7A4F7556}") = "RefOut", "RefOut\RefOut.csproj", "{4B41CFED-1FD0-4A99-BBB3-2D13BC6C5083}"
EndProject
Project("{FAE04EC0-301F-11D3-BF4B-00C04F79EFBC}") = "RegexTryOarse", "RegexTryOarse\RegexTryOarse.csproj", "{C51E7DE0-AF21-4E54-A04C-F7A8FF5F29ED}"
EndProject
Global
	GlobalSection(SolutionConfigurationPlatforms) = preSolution
		Debug|Any CPU = Debug|Any CPU
		Release|Any CPU = Release|Any CPU
	EndGlobalSection
	GlobalSection(ProjectConfigurationPlatforms) = postSolution
		{5A424132-7B25-4660-86E9-5AD1B000C71E}.Debug|Any CPU.ActiveCfg = Debug|Any CPU
		{5A424132-7B25-4660-86E9-5AD1B000C71E}.Debug|Any CPU.Build.0 = Debug|Any CPU
		{5A424132-7B25-4660-86E9-5AD1B000C71E}.Release|Any CPU.ActiveCfg = Release|Any CPU
		{5A424132-7B25-4660-86E9-5AD1B000C71E}.Release|Any CPU.Build.0 = Release|Any CPU
		{47659213-EEA5-4C7D-98F3-E613EBEBBD2A}.Debug|Any CPU.ActiveCfg = Debug|Any CPU
		{47659213-EEA5-4C7D-98F3-E613EBEBBD2A}.Debug|Any CPU.Build.0 = Debug|Any CPU
		{47659213-EEA5-4C7D-98F3-E613EBEBBD2A}.Release|Any CPU.ActiveCfg = Release|Any CPU
		{47659213-EEA5-4C7D-98F3-E613EBEBBD2A}.Release|Any CPU.Build.0 = Release|Any CPU
		{001E776C-FB1C-49EF-AE59-D452E53FA9CD}.Debug|Any CPU.ActiveCfg = Debug|Any CPU
		{001E776C-FB1C-49EF-AE59-D452E53FA9CD}.Debug|Any CPU.Build.0 = Debug|Any CPU
		{001E776C-FB1C-49EF-AE59-D452E53FA9CD}.Release|Any CPU.ActiveCfg = Release|Any CPU
		{001E776C-FB1C-49EF-AE59-D452E53FA9CD}.Release|Any CPU.Build.0 = Release|Any CPU
		{4B41CFED-1FD0-4A99-BBB3-2D13BC6C5083}.Debug|Any CPU.ActiveCfg = Debug|Any CPU
		{4B41CFED-1FD0-4A99-BBB3-2D13BC6C5083}.Debug|Any CPU.Build.0 = Debug|Any CPU
		{4B41CFED-1FD0-4A99-BBB3-2D13BC6C5083}.Release|Any CPU.ActiveCfg = Release|Any CPU
		{4B41CFED-1FD0-4A99-BBB3-2D13BC6C5083}.Release|Any CPU.Build.0 = Release|Any CPU
		{C51E7DE0-AF21-4E54-A04C-F7A8FF5F29ED}.Debug|Any CPU.ActiveCfg = Debug|Any CPU
		{C51E7DE0-AF21-4E54-A04C-F7A8FF5F29ED}.Debug|Any CPU.Build.0 = Debug|Any CPU
		{C51E7DE0-AF21-4E54-A04C-F7A8FF5F29ED}.Release|Any CPU.ActiveCfg = Release|Any CPU
		{C51E7DE0-AF21-4E54-A04C-F7A8FF5F29ED}.Release|Any CPU.Build.0 = Release|Any CPU
	EndGlobalSection
	GlobalSection(SolutionProperties) = preSolution
		HideSolutionNode = FALSE
	EndGlobalSection
	GlobalSection(ExtensibilityGlobals) = postSolution
		SolutionGuid = {22C3E6BF-09A2-45AD-8B0B-8FB34358C140}
	EndGlobalSection
EndGlobal
