
Microsoft Visual Studio Solution File, Format Version 12.00
# Visual Studio Version 17
VisualStudioVersion = 17.4.33122.133
MinimumVisualStudioVersion = 10.0.40219.1
Project("{9A19103F-16F7-4668-BE54-9A1E7A4F7556}") = "Buoi2new", "Buoi2new\Buoi2new.csproj", "{5A424132-7B25-4660-86E9-5AD1B000C71E}"
EndProject
Project("{9A19103F-16F7-4668-BE54-9A1E7A4F7556}") = "SwithCase", "SwithCase\SwithCase.csproj", "{47659213-EEA5-4C7D-98F3-E613EBEBBD2A}"
EndProject
Project("{9A19103F-16F7-4668-BE54-9A1E7A4F7556}") = "foreachWhile", "foreachWhile\foreachWhile.csproj", "{001E776C-FB1C-49EF-AE59-D452E53FA9CD}"
EndProject
Project("{9A19103F-16F7-4668-BE54-9A1E7A4F7556}") = "RefOut", "RefOut\RefOut.csproj", "{4B41CFED-1FD0-4A99-BBB3-2D13BC6C5083}"
EndProject
Project("{9A19103F-16F7-4668-BE54-9A1E7A4F7556}") = "RegexTryOarse", "RegexTryOarse\RegexTryOarse.csproj", "{C51E7DE0-AF21-4E54-A04C-F7A8FF5F29ED}"
EndProject
Project("{9A19103F-16F7-4668-BE54-9A1E7A4F7556}") = "PartiaClass", "PartiaClass\PartiaClass.csproj", "{8ED27F84-CFEE-4878-80CD-251BBBA05A29}"
EndProject
Project("{9A19103F-16F7-4668-BE54-9A1E7A4F7556}") = "ArgumentAndParsms", "ArgumentAndParsms\ArgumentAndParsms.csproj", "{7B79C36E-CD20-46ED-A9A3-592B0ADCC073}"
EndProject
Project("{9A19103F-16F7-4668-BE54-9A1E7A4F7556}") = "OopAbstraction", "OopAbstraction\OopAbstraction.csproj", "{59D32E19-6E1B-4105-B5FF-31B05F56E09E}"
EndProject
Project("{9A19103F-16F7-4668-BE54-9A1E7A4F7556}") = "OopEncapsulation", "OopEncapsulation\OopEncapsulation.csproj", "{4D1203D1-C734-4260-9EF3-2189D23374E8}"
EndProject
Project("{9A19103F-16F7-4668-BE54-9A1E7A4F7556}") = "OopEncapsulationCont", "OopEncapsulationCont\OopEncapsulationCont.csproj", "{AB5B2C2C-8F88-46DE-A80A-56694026DCB9}"
EndProject
Project("{9A19103F-16F7-4668-BE54-9A1E7A4F7556}") = "OopEncapsulationPropety", "OopEncapsulationPropety\OopEncapsulationPropety.csproj", "{FD8C97E5-B089-470F-84F6-38BB239A6CFD}"
EndProject
Project("{9A19103F-16F7-4668-BE54-9A1E7A4F7556}") = "OopPolymophismOverloading", "OopPolymophismOverloading\OopPolymophismOverloading.csproj", "{23147794-EE9F-4FE2-B1F6-B10476489092}"
EndProject
Project("{9A19103F-16F7-4668-BE54-9A1E7A4F7556}") = "OopPolymophismOveride", "OopPolymophismOveride\OopPolymophismOveride.csproj", "{2C9AA094-55D9-4D20-96EF-995ACCAD55CA}"
EndProject
Project("{9A19103F-16F7-4668-BE54-9A1E7A4F7556}") = "OoPolymoPhismInterface", "OoPolymoPhismInterface\OoPolymoPhismInterface.csproj", "{267A2045-99B9-4FE7-96C8-898BFF5223F6}"
EndProject
Project("{FAE04EC0-301F-11D3-BF4B-00C04F79EFBC}") = "ExtentionMethod", "ExtentionMethod\ExtentionMethod.csproj", "{A98E268C-8751-419B-B355-8FC376FC0B01}"
EndProject
Project("{FAE04EC0-301F-11D3-BF4B-00C04F79EFBC}") = "ListAndLINQ", "ListAndLINQ\ListAndLINQ.csproj", "{C261B3B0-F47D-4271-89FB-6C0B6E833D33}"
EndProject
Global
	GlobalSection(SolutionConfigurationPlatforms) = preSolution
		Debug|Any CPU = Debug|Any CPU
		Release|Any CPU = Release|Any CPU
	EndGlobalSection
	GlobalSection(ProjectConfigurationPlatforms) = postSolution
		{5A424132-7B25-4660-86E9-5AD1B000C71E}.Debug|Any CPU.ActiveCfg = Debug|Any CPU
		{5A424132-7B25-4660-86E9-5AD1B000C71E}.Debug|Any CPU.Build.0 = Debug|Any CPU
		{5A424132-7B25-4660-86E9-5AD1B000C71E}.Release|Any CPU.ActiveCfg = Release|Any CPU
		{5A424132-7B25-4660-86E9-5AD1B000C71E}.Release|Any CPU.Build.0 = Release|Any CPU
		{47659213-EEA5-4C7D-98F3-E613EBEBBD2A}.Debug|Any CPU.ActiveCfg = Debug|Any CPU
		{47659213-EEA5-4C7D-98F3-E613EBEBBD2A}.Debug|Any CPU.Build.0 = Debug|Any CPU
		{47659213-EEA5-4C7D-98F3-E613EBEBBD2A}.Release|Any CPU.ActiveCfg = Release|Any CPU
		{47659213-EEA5-4C7D-98F3-E613EBEBBD2A}.Release|Any CPU.Build.0 = Release|Any CPU
		{001E776C-FB1C-49EF-AE59-D452E53FA9CD}.Debug|Any CPU.ActiveCfg = Debug|Any CPU
		{001E776C-FB1C-49EF-AE59-D452E53FA9CD}.Debug|Any CPU.Build.0 = Debug|Any CPU
		{001E776C-FB1C-49EF-AE59-D452E53FA9CD}.Release|Any CPU.ActiveCfg = Release|Any CPU
		{001E776C-FB1C-49EF-AE59-D452E53FA9CD}.Release|Any CPU.Build.0 = Release|Any CPU
		{4B41CFED-1FD0-4A99-BBB3-2D13BC6C5083}.Debug|Any CPU.ActiveCfg = Debug|Any CPU
		{4B41CFED-1FD0-4A99-BBB3-2D13BC6C5083}.Debug|Any CPU.Build.0 = Debug|Any CPU
		{4B41CFED-1FD0-4A99-BBB3-2D13BC6C5083}.Release|Any CPU.ActiveCfg = Release|Any CPU
		{4B41CFED-1FD0-4A99-BBB3-2D13BC6C5083}.Release|Any CPU.Build.0 = Release|Any CPU
		{C51E7DE0-AF21-4E54-A04C-F7A8FF5F29ED}.Debug|Any CPU.ActiveCfg = Debug|Any CPU
		{C51E7DE0-AF21-4E54-A04C-F7A8FF5F29ED}.Debug|Any CPU.Build.0 = Debug|Any CPU
		{C51E7DE0-AF21-4E54-A04C-F7A8FF5F29ED}.Release|Any CPU.ActiveCfg = Release|Any CPU
		{C51E7DE0-AF21-4E54-A04C-F7A8FF5F29ED}.Release|Any CPU.Build.0 = Release|Any CPU
		{8ED27F84-CFEE-4878-80CD-251BBBA05A29}.Debug|Any CPU.ActiveCfg = Debug|Any CPU
		{8ED27F84-CFEE-4878-80CD-251BBBA05A29}.Debug|Any CPU.Build.0 = Debug|Any CPU
		{8ED27F84-CFEE-4878-80CD-251BBBA05A29}.Release|Any CPU.ActiveCfg = Release|Any CPU
		{8ED27F84-CFEE-4878-80CD-251BBBA05A29}.Release|Any CPU.Build.0 = Release|Any CPU
		{7B79C36E-CD20-46ED-A9A3-592B0ADCC073}.Debug|Any CPU.ActiveCfg = Debug|Any CPU
		{7B79C36E-CD20-46ED-A9A3-592B0ADCC073}.Debug|Any CPU.Build.0 = Debug|Any CPU
		{7B79C36E-CD20-46ED-A9A3-592B0ADCC073}.Release|Any CPU.ActiveCfg = Release|Any CPU
		{7B79C36E-CD20-46ED-A9A3-592B0ADCC073}.Release|Any CPU.Build.0 = Release|Any CPU
		{59D32E19-6E1B-4105-B5FF-31B05F56E09E}.Debug|Any CPU.ActiveCfg = Debug|Any CPU
		{59D32E19-6E1B-4105-B5FF-31B05F56E09E}.Debug|Any CPU.Build.0 = Debug|Any CPU
		{59D32E19-6E1B-4105-B5FF-31B05F56E09E}.Release|Any CPU.ActiveCfg = Release|Any CPU
		{59D32E19-6E1B-4105-B5FF-31B05F56E09E}.Release|Any CPU.Build.0 = Release|Any CPU
		{4D1203D1-C734-4260-9EF3-2189D23374E8}.Debug|Any CPU.ActiveCfg = Debug|Any CPU
		{4D1203D1-C734-4260-9EF3-2189D23374E8}.Debug|Any CPU.Build.0 = Debug|Any CPU
		{4D1203D1-C734-4260-9EF3-2189D23374E8}.Release|Any CPU.ActiveCfg = Release|Any CPU
		{4D1203D1-C734-4260-9EF3-2189D23374E8}.Release|Any CPU.Build.0 = Release|Any CPU
		{AB5B2C2C-8F88-46DE-A80A-56694026DCB9}.Debug|Any CPU.ActiveCfg = Debug|Any CPU
		{AB5B2C2C-8F88-46DE-A80A-56694026DCB9}.Debug|Any CPU.Build.0 = Debug|Any CPU
		{AB5B2C2C-8F88-46DE-A80A-56694026DCB9}.Release|Any CPU.ActiveCfg = Release|Any CPU
		{AB5B2C2C-8F88-46DE-A80A-56694026DCB9}.Release|Any CPU.Build.0 = Release|Any CPU
		{FD8C97E5-B089-470F-84F6-38BB239A6CFD}.Debug|Any CPU.ActiveCfg = Debug|Any CPU
		{FD8C97E5-B089-470F-84F6-38BB239A6CFD}.Debug|Any CPU.Build.0 = Debug|Any CPU
		{FD8C97E5-B089-470F-84F6-38BB239A6CFD}.Release|Any CPU.ActiveCfg = Release|Any CPU
		{FD8C97E5-B089-470F-84F6-38BB239A6CFD}.Release|Any CPU.Build.0 = Release|Any CPU
		{23147794-EE9F-4FE2-B1F6-B10476489092}.Debug|Any CPU.ActiveCfg = Debug|Any CPU
		{23147794-EE9F-4FE2-B1F6-B10476489092}.Debug|Any CPU.Build.0 = Debug|Any CPU
		{23147794-EE9F-4FE2-B1F6-B10476489092}.Release|Any CPU.ActiveCfg = Release|Any CPU
		{23147794-EE9F-4FE2-B1F6-B10476489092}.Release|Any CPU.Build.0 = Release|Any CPU
		{2C9AA094-55D9-4D20-96EF-995ACCAD55CA}.Debug|Any CPU.ActiveCfg = Debug|Any CPU
		{2C9AA094-55D9-4D20-96EF-995ACCAD55CA}.Debug|Any CPU.Build.0 = Debug|Any CPU
		{2C9AA094-55D9-4D20-96EF-995ACCAD55CA}.Release|Any CPU.ActiveCfg = Release|Any CPU
		{2C9AA094-55D9-4D20-96EF-995ACCAD55CA}.Release|Any CPU.Build.0 = Release|Any CPU
		{267A2045-99B9-4FE7-96C8-898BFF5223F6}.Debug|Any CPU.ActiveCfg = Debug|Any CPU
		{267A2045-99B9-4FE7-96C8-898BFF5223F6}.Debug|Any CPU.Build.0 = Debug|Any CPU
		{267A2045-99B9-4FE7-96C8-898BFF5223F6}.Release|Any CPU.ActiveCfg = Release|Any CPU
		{267A2045-99B9-4FE7-96C8-898BFF5223F6}.Release|Any CPU.Build.0 = Release|Any CPU
		{A98E268C-8751-419B-B355-8FC376FC0B01}.Debug|Any CPU.ActiveCfg = Debug|Any CPU
		{A98E268C-8751-419B-B355-8FC376FC0B01}.Debug|Any CPU.Build.0 = Debug|Any CPU
		{A98E268C-8751-419B-B355-8FC376FC0B01}.Release|Any CPU.ActiveCfg = Release|Any CPU
		{A98E268C-8751-419B-B355-8FC376FC0B01}.Release|Any CPU.Build.0 = Release|Any CPU
		{C261B3B0-F47D-4271-89FB-6C0B6E833D33}.Debug|Any CPU.ActiveCfg = Debug|Any CPU
		{C261B3B0-F47D-4271-89FB-6C0B6E833D33}.Debug|Any CPU.Build.0 = Debug|Any CPU
		{C261B3B0-F47D-4271-89FB-6C0B6E833D33}.Release|Any CPU.ActiveCfg = Release|Any CPU
		{C261B3B0-F47D-4271-89FB-6C0B6E833D33}.Release|Any CPU.Build.0 = Release|Any CPU
	EndGlobalSection
	GlobalSection(SolutionProperties) = preSolution
		HideSolutionNode = FALSE
	EndGlobalSection
	GlobalSection(ExtensibilityGlobals) = postSolution
		SolutionGuid = {22C3E6BF-09A2-45AD-8B0B-8FB34358C140}
	EndGlobalSection
EndGlobal
